
Microsoft Visual Studio Solution File, Format Version 12.00
# Visual Studio Version 16
VisualStudioVersion = 16.0.30717.126
MinimumVisualStudioVersion = 10.0.40219.1
Project("{9A19103F-16F7-4668-BE54-9A1E7A4F7556}") = "eShop.Repository", "eShop.Reposittory\eShop.Repository.csproj", "{C0FDCF2D-E4C1-45B1-9B82-0D37B21DF109}"
EndProject
Project("{9A19103F-16F7-4668-BE54-9A1E7A4F7556}") = "eShop.Business", "eShop.Business\eShop.Business.csproj", "{62D655D0-BA58-456F-B18C-A4BA2F52485D}"
EndProject
Project("{9A19103F-16F7-4668-BE54-9A1E7A4F7556}") = "eShop.Model", "Model\eShop.Model.csproj", "{94B68D5F-D091-4AAB-99C0-62E8F2BD5FD1}"
EndProject
Project("{FAE04EC0-301F-11D3-BF4B-00C04F79EFBC}") = "eShop.Api", "eShop.Api\eShop.Api.csproj", "{C9A62FFB-6F53-4412-8DF8-867C8825C89B}"
EndProject
Global
	GlobalSection(SolutionConfigurationPlatforms) = preSolution
		Debug|Any CPU = Debug|Any CPU
		Release|Any CPU = Release|Any CPU
	EndGlobalSection
	GlobalSection(ProjectConfigurationPlatforms) = postSolution
		{C0FDCF2D-E4C1-45B1-9B82-0D37B21DF109}.Debug|Any CPU.ActiveCfg = Debug|Any CPU
		{C0FDCF2D-E4C1-45B1-9B82-0D37B21DF109}.Debug|Any CPU.Build.0 = Debug|Any CPU
		{C0FDCF2D-E4C1-45B1-9B82-0D37B21DF109}.Release|Any CPU.ActiveCfg = Release|Any CPU
		{C0FDCF2D-E4C1-45B1-9B82-0D37B21DF109}.Release|Any CPU.Build.0 = Release|Any CPU
		{62D655D0-BA58-456F-B18C-A4BA2F52485D}.Debug|Any CPU.ActiveCfg = Debug|Any CPU
		{62D655D0-BA58-456F-B18C-A4BA2F52485D}.Debug|Any CPU.Build.0 = Debug|Any CPU
		{62D655D0-BA58-456F-B18C-A4BA2F52485D}.Release|Any CPU.ActiveCfg = Release|Any CPU
		{62D655D0-BA58-456F-B18C-A4BA2F52485D}.Release|Any CPU.Build.0 = Release|Any CPU
		{94B68D5F-D091-4AAB-99C0-62E8F2BD5FD1}.Debug|Any CPU.ActiveCfg = Debug|Any CPU
		{94B68D5F-D091-4AAB-99C0-62E8F2BD5FD1}.Debug|Any CPU.Build.0 = Debug|Any CPU
		{94B68D5F-D091-4AAB-99C0-62E8F2BD5FD1}.Release|Any CPU.ActiveCfg = Release|Any CPU
		{94B68D5F-D091-4AAB-99C0-62E8F2BD5FD1}.Release|Any CPU.Build.0 = Release|Any CPU
		{C9A62FFB-6F53-4412-8DF8-867C8825C89B}.Debug|Any CPU.ActiveCfg = Debug|Any CPU
		{C9A62FFB-6F53-4412-8DF8-867C8825C89B}.Debug|Any CPU.Build.0 = Debug|Any CPU
		{C9A62FFB-6F53-4412-8DF8-867C8825C89B}.Release|Any CPU.ActiveCfg = Release|Any CPU
		{C9A62FFB-6F53-4412-8DF8-867C8825C89B}.Release|Any CPU.Build.0 = Release|Any CPU
	EndGlobalSection
	GlobalSection(SolutionProperties) = preSolution
		HideSolutionNode = FALSE
	EndGlobalSection
	GlobalSection(ExtensibilityGlobals) = postSolution
		SolutionGuid = {07A18B8D-99BD-4EA4-9A28-C636CB7C7D08}
	EndGlobalSection
EndGlobal
